
Microsoft Visual Studio Solution File, Format Version 12.00
# Visual Studio Version 16
VisualStudioVersion = 16.0.29209.62
MinimumVisualStudioVersion = 10.0.40219.1
Project("{9A19103F-16F7-4668-BE54-9A1E7A4F7556}") = "ForumHCFE", "Forum\ForumHCFE.csproj", "{35F1D051-7522-4AB1-B29C-83189C7D1AA9}"
EndProject
Project("{9A19103F-16F7-4668-BE54-9A1E7A4F7556}") = "ForumHCFE.Data", "Forum.Data\ForumHCFE.Data.csproj", "{A28BC466-88F4-43B7-89D7-31A7BB66555B}"
EndProject
Project("{FAE04EC0-301F-11D3-BF4B-00C04F79EFBC}") = "ForumHCFE.Service", "ForumHCFE.Service\ForumHCFE.Service.csproj", "{D6DBF284-1885-4B03-BFDA-B1099B1E69DE}"
EndProject
Global
	GlobalSection(SolutionConfigurationPlatforms) = preSolution
		Debug|Any CPU = Debug|Any CPU
		Release|Any CPU = Release|Any CPU
	EndGlobalSection
	GlobalSection(ProjectConfigurationPlatforms) = postSolution
		{35F1D051-7522-4AB1-B29C-83189C7D1AA9}.Debug|Any CPU.ActiveCfg = Debug|Any CPU
		{35F1D051-7522-4AB1-B29C-83189C7D1AA9}.Debug|Any CPU.Build.0 = Debug|Any CPU
		{35F1D051-7522-4AB1-B29C-83189C7D1AA9}.Release|Any CPU.ActiveCfg = Release|Any CPU
		{35F1D051-7522-4AB1-B29C-83189C7D1AA9}.Release|Any CPU.Build.0 = Release|Any CPU
		{A28BC466-88F4-43B7-89D7-31A7BB66555B}.Debug|Any CPU.ActiveCfg = Debug|Any CPU
		{A28BC466-88F4-43B7-89D7-31A7BB66555B}.Debug|Any CPU.Build.0 = Debug|Any CPU
		{A28BC466-88F4-43B7-89D7-31A7BB66555B}.Release|Any CPU.ActiveCfg = Release|Any CPU
		{A28BC466-88F4-43B7-89D7-31A7BB66555B}.Release|Any CPU.Build.0 = Release|Any CPU
		{D6DBF284-1885-4B03-BFDA-B1099B1E69DE}.Debug|Any CPU.ActiveCfg = Debug|Any CPU
		{D6DBF284-1885-4B03-BFDA-B1099B1E69DE}.Debug|Any CPU.Build.0 = Debug|Any CPU
		{D6DBF284-1885-4B03-BFDA-B1099B1E69DE}.Release|Any CPU.ActiveCfg = Release|Any CPU
		{D6DBF284-1885-4B03-BFDA-B1099B1E69DE}.Release|Any CPU.Build.0 = Release|Any CPU
	EndGlobalSection
	GlobalSection(SolutionProperties) = preSolution
		HideSolutionNode = FALSE
	EndGlobalSection
	GlobalSection(ExtensibilityGlobals) = postSolution
		SolutionGuid = {D3491C56-D1EE-4F02-B34E-FEC523D12DCE}
	EndGlobalSection
EndGlobal
